{
  "version": 4,
  "terraform_version": "0.12.9",
  "serial": 4,
  "lineage": "30575770-882b-2d91-f448-ce402c70902c",
  "outputs": {},
  "resources": [
    {
      "mode": "data",
      "type": "external",
      "name": "google_cloud_run_service",
      "provider": "provider.external",
      "instances": []
    },
    {
      "mode": "managed",
      "type": "google_app_engine_application",
      "name": "app",
      "provider": "provider.google",
      "instances": [
        {
          "schema_version": 0,
          "attributes": {
            "app_id": "imobnewhunter-254700",
            "auth_domain": "gmail.com",
            "code_bucket": "staging.imobnewhunter-254700.appspot.com",
            "default_bucket": "imobnewhunter-254700.appspot.com",
            "default_hostname": "imobnewhunter-254700.appspot.com",
            "feature_settings": [
              {
                "split_health_checks": true
              }
            ],
            "gcr_domain": "us.gcr.io",
            "id": "imobnewhunter-254700",
            "location_id": "us-east1",
            "name": "apps/imobnewhunter-254700",
            "project": "imobnewhunter-254700",
            "serving_status": "SERVING",
            "url_dispatch_rule": []
          },
          "private": "bnVsbA=="
        }
      ]
    },
    {
      "mode": "managed",
      "type": "google_cloud_scheduler_job",
      "name": "job",
      "provider": "provider.google",
      "instances": []
    },
    {
      "mode": "managed",
      "type": "google_cloudbuild_trigger",
      "name": "default",
      "provider": "provider.google",
      "instances": [
        {
          "status": "tainted",
          "schema_version": 1,
          "attributes": {
            "build": [
              {
                "images": [
                  "gcr.io/imobnewhunter-254700/wohnung:latest"
                ],
                "step": [
                  {
                    "args": [
                      "build",
                      "-t",
                      "gcr.io/imobnewhunter-254700/wohnung:latest",
                      "."
                    ],
                    "dir": "",
                    "entrypoint": "",
                    "env": null,
                    "id": "",
                    "name": "gcr.io/cloud-builders/docker",
                    "secret_env": null,
                    "timeout": "",
                    "timing": "",
                    "volumes": [],
                    "wait_for": null
                  },
                  {
                    "args": [
                      "push",
                      "gcr.io/imobnewhunter-254700/wohnung:latest"
                    ],
                    "dir": "",
                    "entrypoint": "",
                    "env": null,
                    "id": "",
                    "name": "gcr.io/cloud-builders/docker",
                    "secret_env": null,
                    "timeout": "",
                    "timing": "",
                    "volumes": [],
                    "wait_for": null
                  },
                  {
                    "args": [
                      "beta",
                      "run",
                      "deploy",
                      "wohnung",
                      "--region",
                      "us-east1",
                      "--image",
                      "gcr.io/imobnewhunter-254700/wohnung:latest",
                      "--update-env-vars",
                      "GCLOUD_BUCKET=${_BUCKET}",
                      "--memory",
                      "1Gi",
                      "--timeout",
                      "10m",
                      "--platform",
                      "managed",
                      "--allow-unauthenticated"
                    ],
                    "dir": "",
                    "entrypoint": "",
                    "env": null,
                    "id": "",
                    "name": "gcr.io/cloud-builders/gcloud",
                    "secret_env": null,
                    "timeout": "",
                    "timing": "",
                    "volumes": [],
                    "wait_for": null
                  }
                ],
                "tags": null
              }
            ],
            "create_time": "2019-10-02T01:40:31.603974145Z",
            "description": "",
            "disabled": false,
            "filename": "",
            "id": "imobnewhunter-254700/e2ac79e0-2e5c-4f57-a5b0-46b7b3360719",
            "ignored_files": null,
            "included_files": null,
            "project": "imobnewhunter-254700",
            "substitutions": {
              "_BUCKET": "imob-hunter-items"
            },
            "timeouts": null,
            "trigger_id": "e2ac79e0-2e5c-4f57-a5b0-46b7b3360719",
            "trigger_template": [
              {
                "branch_name": "master",
                "commit_sha": "",
                "dir": "",
                "project_id": "imobnewhunter-254700",
                "repo_name": "github_bravobardo",
                "tag_name": ""
              }
            ]
          },
          "private": "eyJlMmJmYjczMC1lY2FhLTExZTYtOGY4OC0zNDM2M2JjN2M0YzAiOnsiY3JlYXRlIjoyNDAwMDAwMDAwMDAsImRlbGV0ZSI6MjQwMDAwMDAwMDAwLCJ1cGRhdGUiOjI0MDAwMDAwMDAwMH0sInNjaGVtYV92ZXJzaW9uIjoiMSJ9"
        }
      ]
    },
    {
      "mode": "managed",
      "type": "google_storage_bucket",
      "name": "items",
      "provider": "provider.google",
      "instances": [
        {
          "schema_version": 0,
          "attributes": {
            "bucket_policy_only": false,
            "cors": [],
            "encryption": [],
            "force_destroy": false,
            "id": "imob-hunter-items",
            "labels": null,
            "lifecycle_rule": [],
            "location": "US",
            "logging": [],
            "name": "imob-hunter-items",
            "predefined_acl": null,
            "project": "imobnewhunter-254700",
            "requester_pays": false,
            "retention_policy": [],
            "self_link": "https://www.googleapis.com/storage/v1/b/imob-hunter-items",
            "storage_class": "STANDARD",
            "url": "gs://imob-hunter-items",
            "versioning": [],
            "website": []
          },
          "private": "bnVsbA=="
        }
      ]
    }
  ]
}
